
Microsoft Visual Studio Solution File, Format Version 12.00
# Visual Studio Version 17
VisualStudioVersion = 17.1.32407.343
MinimumVisualStudioVersion = 10.0.40219.1
Project("{FAE04EC0-301F-11D3-BF4B-00C04F79EFBC}") = "Database", "Database\Database.csproj", "{17CC17D6-224B-4576-91BC-0CB58DA6ED48}"
EndProject
Project("{FAE04EC0-301F-11D3-BF4B-00C04F79EFBC}") = "PlayDB", "PlayDB\PlayDB.csproj", "{51FB3D50-893C-43E4-9D1A-EACDF68502E0}"
EndProject
Project("{FAE04EC0-301F-11D3-BF4B-00C04F79EFBC}") = "AspNet_FilRouge", "AspNet_FilRouge\AspNet_FilRouge.csproj", "{703D3597-0412-43D7-BF47-61B32387B3A1}"
EndProject
Project("{FAE04EC0-301F-11D3-BF4B-00C04F79EFBC}") = "Entities", "Entities\Entities.csproj", "{48DFA957-E89F-4077-8B0E-01BCB9C36044}"
EndProject
Project("{FAE04EC0-301F-11D3-BF4B-00C04F79EFBC}") = "AspNet_FilRouge_Vendeur", "AspNet_FilRouge_Vendeur\AspNet_FilRouge_Vendeur.csproj", "{5344A08F-A443-4B54-9946-819FB4C54660}"
EndProject
Project("{2150E333-8FDC-42A3-9474-1A3956D46DE8}") = "Tests", "Tests", "{0AB3BF05-4346-4AA6-1389-037BE0695223}"
EndProject
Project("{FAE04EC0-301F-11D3-BF4B-00C04F79EFBC}") = "Les-bleus.Tests.Unit", "Tests\Les-bleus.Tests.Unit\Les-bleus.Tests.Unit.csproj", "{AF3B803A-EF4A-4DFE-AFE4-B18D40698AF7}"
EndProject
Project("{FAE04EC0-301F-11D3-BF4B-00C04F79EFBC}") = "Les-bleus.Tests.Integration", "Tests\Les-bleus.Tests.Integration\Les-bleus.Tests.Integration.csproj", "{34889D92-0124-4B04-A411-BEC2C6B9A929}"
EndProject
Project("{FAE04EC0-301F-11D3-BF4B-00C04F79EFBC}") = "Les-bleus.Tests.Functional", "Tests\Les-bleus.Tests.Functional\Les-bleus.Tests.Functional.csproj", "{CE4818B9-D193-42E7-89FA-6D07593C67DE}"
EndProject
Global
	GlobalSection(SolutionConfigurationPlatforms) = preSolution
		Debug|Any CPU = Debug|Any CPU
		Debug|ARM = Debug|ARM
		Debug|ARM64 = Debug|ARM64
		Debug|x64 = Debug|x64
		Debug|x86 = Debug|x86
		Release|Any CPU = Release|Any CPU
		Release|ARM = Release|ARM
		Release|ARM64 = Release|ARM64
		Release|x64 = Release|x64
		Release|x86 = Release|x86
	EndGlobalSection
	GlobalSection(ProjectConfigurationPlatforms) = postSolution
		{17CC17D6-224B-4576-91BC-0CB58DA6ED48}.Debug|Any CPU.ActiveCfg = Debug|Any CPU
		{17CC17D6-224B-4576-91BC-0CB58DA6ED48}.Debug|Any CPU.Build.0 = Debug|Any CPU
		{17CC17D6-224B-4576-91BC-0CB58DA6ED48}.Debug|ARM.ActiveCfg = Debug|Any CPU
		{17CC17D6-224B-4576-91BC-0CB58DA6ED48}.Debug|ARM.Build.0 = Debug|Any CPU
		{17CC17D6-224B-4576-91BC-0CB58DA6ED48}.Debug|ARM64.ActiveCfg = Debug|Any CPU
		{17CC17D6-224B-4576-91BC-0CB58DA6ED48}.Debug|ARM64.Build.0 = Debug|Any CPU
		{17CC17D6-224B-4576-91BC-0CB58DA6ED48}.Debug|x64.ActiveCfg = Debug|Any CPU
		{17CC17D6-224B-4576-91BC-0CB58DA6ED48}.Debug|x64.Build.0 = Debug|Any CPU
		{17CC17D6-224B-4576-91BC-0CB58DA6ED48}.Debug|x86.ActiveCfg = Debug|Any CPU
		{17CC17D6-224B-4576-91BC-0CB58DA6ED48}.Debug|x86.Build.0 = Debug|Any CPU
		{17CC17D6-224B-4576-91BC-0CB58DA6ED48}.Release|Any CPU.ActiveCfg = Release|Any CPU
		{17CC17D6-224B-4576-91BC-0CB58DA6ED48}.Release|Any CPU.Build.0 = Release|Any CPU
		{17CC17D6-224B-4576-91BC-0CB58DA6ED48}.Release|ARM.ActiveCfg = Release|Any CPU
		{17CC17D6-224B-4576-91BC-0CB58DA6ED48}.Release|ARM.Build.0 = Release|Any CPU
		{17CC17D6-224B-4576-91BC-0CB58DA6ED48}.Release|ARM64.ActiveCfg = Release|Any CPU
		{17CC17D6-224B-4576-91BC-0CB58DA6ED48}.Release|ARM64.Build.0 = Release|Any CPU
		{17CC17D6-224B-4576-91BC-0CB58DA6ED48}.Release|x64.ActiveCfg = Release|Any CPU
		{17CC17D6-224B-4576-91BC-0CB58DA6ED48}.Release|x64.Build.0 = Release|Any CPU
		{17CC17D6-224B-4576-91BC-0CB58DA6ED48}.Release|x86.ActiveCfg = Release|Any CPU
		{17CC17D6-224B-4576-91BC-0CB58DA6ED48}.Release|x86.Build.0 = Release|Any CPU
		{51FB3D50-893C-43E4-9D1A-EACDF68502E0}.Debug|Any CPU.ActiveCfg = Debug|Any CPU
		{51FB3D50-893C-43E4-9D1A-EACDF68502E0}.Debug|Any CPU.Build.0 = Debug|Any CPU
		{51FB3D50-893C-43E4-9D1A-EACDF68502E0}.Debug|ARM.ActiveCfg = Debug|Any CPU
		{51FB3D50-893C-43E4-9D1A-EACDF68502E0}.Debug|ARM.Build.0 = Debug|Any CPU
		{51FB3D50-893C-43E4-9D1A-EACDF68502E0}.Debug|ARM64.ActiveCfg = Debug|Any CPU
		{51FB3D50-893C-43E4-9D1A-EACDF68502E0}.Debug|ARM64.Build.0 = Debug|Any CPU
		{51FB3D50-893C-43E4-9D1A-EACDF68502E0}.Debug|x64.ActiveCfg = Debug|Any CPU
		{51FB3D50-893C-43E4-9D1A-EACDF68502E0}.Debug|x64.Build.0 = Debug|Any CPU
		{51FB3D50-893C-43E4-9D1A-EACDF68502E0}.Debug|x86.ActiveCfg = Debug|Any CPU
		{51FB3D50-893C-43E4-9D1A-EACDF68502E0}.Debug|x86.Build.0 = Debug|Any CPU
		{51FB3D50-893C-43E4-9D1A-EACDF68502E0}.Release|Any CPU.ActiveCfg = Release|Any CPU
		{51FB3D50-893C-43E4-9D1A-EACDF68502E0}.Release|Any CPU.Build.0 = Release|Any CPU
		{51FB3D50-893C-43E4-9D1A-EACDF68502E0}.Release|ARM.ActiveCfg = Release|Any CPU
		{51FB3D50-893C-43E4-9D1A-EACDF68502E0}.Release|ARM.Build.0 = Release|Any CPU
		{51FB3D50-893C-43E4-9D1A-EACDF68502E0}.Release|ARM64.ActiveCfg = Release|Any CPU
		{51FB3D50-893C-43E4-9D1A-EACDF68502E0}.Release|ARM64.Build.0 = Release|Any CPU
		{51FB3D50-893C-43E4-9D1A-EACDF68502E0}.Release|x64.ActiveCfg = Release|Any CPU
		{51FB3D50-893C-43E4-9D1A-EACDF68502E0}.Release|x64.Build.0 = Release|Any CPU
		{51FB3D50-893C-43E4-9D1A-EACDF68502E0}.Release|x86.ActiveCfg = Release|Any CPU
		{51FB3D50-893C-43E4-9D1A-EACDF68502E0}.Release|x86.Build.0 = Release|Any CPU
		{703D3597-0412-43D7-BF47-61B32387B3A1}.Debug|Any CPU.ActiveCfg = Debug|Any CPU
		{703D3597-0412-43D7-BF47-61B32387B3A1}.Debug|Any CPU.Build.0 = Debug|Any CPU
		{703D3597-0412-43D7-BF47-61B32387B3A1}.Debug|ARM.ActiveCfg = Debug|Any CPU
		{703D3597-0412-43D7-BF47-61B32387B3A1}.Debug|ARM.Build.0 = Debug|Any CPU
		{703D3597-0412-43D7-BF47-61B32387B3A1}.Debug|ARM64.ActiveCfg = Debug|Any CPU
		{703D3597-0412-43D7-BF47-61B32387B3A1}.Debug|ARM64.Build.0 = Debug|Any CPU
		{703D3597-0412-43D7-BF47-61B32387B3A1}.Debug|x64.ActiveCfg = Debug|Any CPU
		{703D3597-0412-43D7-BF47-61B32387B3A1}.Debug|x64.Build.0 = Debug|Any CPU
		{703D3597-0412-43D7-BF47-61B32387B3A1}.Debug|x86.ActiveCfg = Debug|Any CPU
		{703D3597-0412-43D7-BF47-61B32387B3A1}.Debug|x86.Build.0 = Debug|Any CPU
		{703D3597-0412-43D7-BF47-61B32387B3A1}.Release|Any CPU.ActiveCfg = Release|Any CPU
		{703D3597-0412-43D7-BF47-61B32387B3A1}.Release|Any CPU.Build.0 = Release|Any CPU
		{703D3597-0412-43D7-BF47-61B32387B3A1}.Release|ARM.ActiveCfg = Release|Any CPU
		{703D3597-0412-43D7-BF47-61B32387B3A1}.Release|ARM.Build.0 = Release|Any CPU
		{703D3597-0412-43D7-BF47-61B32387B3A1}.Release|ARM64.ActiveCfg = Release|Any CPU
		{703D3597-0412-43D7-BF47-61B32387B3A1}.Release|ARM64.Build.0 = Release|Any CPU
		{703D3597-0412-43D7-BF47-61B32387B3A1}.Release|x64.ActiveCfg = Release|Any CPU
		{703D3597-0412-43D7-BF47-61B32387B3A1}.Release|x64.Build.0 = Release|Any CPU
		{703D3597-0412-43D7-BF47-61B32387B3A1}.Release|x86.ActiveCfg = Release|Any CPU
		{703D3597-0412-43D7-BF47-61B32387B3A1}.Release|x86.Build.0 = Release|Any CPU
		{48DFA957-E89F-4077-8B0E-01BCB9C36044}.Debug|Any CPU.ActiveCfg = Debug|Any CPU
		{48DFA957-E89F-4077-8B0E-01BCB9C36044}.Debug|Any CPU.Build.0 = Debug|Any CPU
		{48DFA957-E89F-4077-8B0E-01BCB9C36044}.Debug|ARM.ActiveCfg = Debug|Any CPU
		{48DFA957-E89F-4077-8B0E-01BCB9C36044}.Debug|ARM.Build.0 = Debug|Any CPU
		{48DFA957-E89F-4077-8B0E-01BCB9C36044}.Debug|ARM64.ActiveCfg = Debug|Any CPU
		{48DFA957-E89F-4077-8B0E-01BCB9C36044}.Debug|ARM64.Build.0 = Debug|Any CPU
		{48DFA957-E89F-4077-8B0E-01BCB9C36044}.Debug|x64.ActiveCfg = Debug|Any CPU
		{48DFA957-E89F-4077-8B0E-01BCB9C36044}.Debug|x64.Build.0 = Debug|Any CPU
		{48DFA957-E89F-4077-8B0E-01BCB9C36044}.Debug|x86.ActiveCfg = Debug|Any CPU
		{48DFA957-E89F-4077-8B0E-01BCB9C36044}.Debug|x86.Build.0 = Debug|Any CPU
		{48DFA957-E89F-4077-8B0E-01BCB9C36044}.Release|Any CPU.ActiveCfg = Release|Any CPU
		{48DFA957-E89F-4077-8B0E-01BCB9C36044}.Release|Any CPU.Build.0 = Release|Any CPU
		{48DFA957-E89F-4077-8B0E-01BCB9C36044}.Release|ARM.ActiveCfg = Release|Any CPU
		{48DFA957-E89F-4077-8B0E-01BCB9C36044}.Release|ARM.Build.0 = Release|Any CPU
		{48DFA957-E89F-4077-8B0E-01BCB9C36044}.Release|ARM64.ActiveCfg = Release|Any CPU
		{48DFA957-E89F-4077-8B0E-01BCB9C36044}.Release|ARM64.Build.0 = Release|Any CPU
		{48DFA957-E89F-4077-8B0E-01BCB9C36044}.Release|x64.ActiveCfg = Release|Any CPU
		{48DFA957-E89F-4077-8B0E-01BCB9C36044}.Release|x64.Build.0 = Release|Any CPU
		{48DFA957-E89F-4077-8B0E-01BCB9C36044}.Release|x86.ActiveCfg = Release|Any CPU
		{48DFA957-E89F-4077-8B0E-01BCB9C36044}.Release|x86.Build.0 = Release|Any CPU
		{5344A08F-A443-4B54-9946-819FB4C54660}.Debug|Any CPU.ActiveCfg = Debug|Any CPU
		{5344A08F-A443-4B54-9946-819FB4C54660}.Debug|Any CPU.Build.0 = Debug|Any CPU
		{5344A08F-A443-4B54-9946-819FB4C54660}.Debug|ARM.ActiveCfg = Debug|Any CPU
		{5344A08F-A443-4B54-9946-819FB4C54660}.Debug|ARM.Build.0 = Debug|Any CPU
		{5344A08F-A443-4B54-9946-819FB4C54660}.Debug|ARM64.ActiveCfg = Debug|Any CPU
		{5344A08F-A443-4B54-9946-819FB4C54660}.Debug|ARM64.Build.0 = Debug|Any CPU
		{5344A08F-A443-4B54-9946-819FB4C54660}.Debug|x64.ActiveCfg = Debug|Any CPU
		{5344A08F-A443-4B54-9946-819FB4C54660}.Debug|x64.Build.0 = Debug|Any CPU
		{5344A08F-A443-4B54-9946-819FB4C54660}.Debug|x86.ActiveCfg = Debug|Any CPU
		{5344A08F-A443-4B54-9946-819FB4C54660}.Debug|x86.Build.0 = Debug|Any CPU
		{5344A08F-A443-4B54-9946-819FB4C54660}.Release|Any CPU.ActiveCfg = Release|Any CPU
		{5344A08F-A443-4B54-9946-819FB4C54660}.Release|Any CPU.Build.0 = Release|Any CPU
		{5344A08F-A443-4B54-9946-819FB4C54660}.Release|ARM.ActiveCfg = Release|Any CPU
		{5344A08F-A443-4B54-9946-819FB4C54660}.Release|ARM.Build.0 = Release|Any CPU
		{5344A08F-A443-4B54-9946-819FB4C54660}.Release|ARM64.ActiveCfg = Release|Any CPU
		{5344A08F-A443-4B54-9946-819FB4C54660}.Release|ARM64.Build.0 = Release|Any CPU
		{5344A08F-A443-4B54-9946-819FB4C54660}.Release|x64.ActiveCfg = Release|Any CPU
		{5344A08F-A443-4B54-9946-819FB4C54660}.Release|x64.Build.0 = Release|Any CPU
		{5344A08F-A443-4B54-9946-819FB4C54660}.Release|x86.ActiveCfg = Release|Any CPU
		{5344A08F-A443-4B54-9946-819FB4C54660}.Release|x86.Build.0 = Release|Any CPU
		{AF3B803A-EF4A-4DFE-AFE4-B18D40698AF7}.Debug|Any CPU.ActiveCfg = Debug|Any CPU
		{AF3B803A-EF4A-4DFE-AFE4-B18D40698AF7}.Debug|Any CPU.Build.0 = Debug|Any CPU
		{AF3B803A-EF4A-4DFE-AFE4-B18D40698AF7}.Debug|ARM.ActiveCfg = Debug|Any CPU
		{AF3B803A-EF4A-4DFE-AFE4-B18D40698AF7}.Debug|ARM.Build.0 = Debug|Any CPU
		{AF3B803A-EF4A-4DFE-AFE4-B18D40698AF7}.Debug|ARM64.ActiveCfg = Debug|Any CPU
		{AF3B803A-EF4A-4DFE-AFE4-B18D40698AF7}.Debug|ARM64.Build.0 = Debug|Any CPU
		{AF3B803A-EF4A-4DFE-AFE4-B18D40698AF7}.Debug|x64.ActiveCfg = Debug|Any CPU
		{AF3B803A-EF4A-4DFE-AFE4-B18D40698AF7}.Debug|x64.Build.0 = Debug|Any CPU
		{AF3B803A-EF4A-4DFE-AFE4-B18D40698AF7}.Debug|x86.ActiveCfg = Debug|Any CPU
		{AF3B803A-EF4A-4DFE-AFE4-B18D40698AF7}.Debug|x86.Build.0 = Debug|Any CPU
		{AF3B803A-EF4A-4DFE-AFE4-B18D40698AF7}.Release|Any CPU.ActiveCfg = Release|Any CPU
		{AF3B803A-EF4A-4DFE-AFE4-B18D40698AF7}.Release|Any CPU.Build.0 = Release|Any CPU
		{AF3B803A-EF4A-4DFE-AFE4-B18D40698AF7}.Release|ARM.ActiveCfg = Release|Any CPU
		{AF3B803A-EF4A-4DFE-AFE4-B18D40698AF7}.Release|ARM.Build.0 = Release|Any CPU
		{AF3B803A-EF4A-4DFE-AFE4-B18D40698AF7}.Release|ARM64.ActiveCfg = Release|Any CPU
		{AF3B803A-EF4A-4DFE-AFE4-B18D40698AF7}.Release|ARM64.Build.0 = Release|Any CPU
		{AF3B803A-EF4A-4DFE-AFE4-B18D40698AF7}.Release|x64.ActiveCfg = Release|Any CPU
		{AF3B803A-EF4A-4DFE-AFE4-B18D40698AF7}.Release|x64.Build.0 = Release|Any CPU
		{AF3B803A-EF4A-4DFE-AFE4-B18D40698AF7}.Release|x86.ActiveCfg = Release|Any CPU
		{AF3B803A-EF4A-4DFE-AFE4-B18D40698AF7}.Release|x86.Build.0 = Release|Any CPU
		{34889D92-0124-4B04-A411-BEC2C6B9A929}.Debug|Any CPU.ActiveCfg = Debug|Any CPU
		{34889D92-0124-4B04-A411-BEC2C6B9A929}.Debug|Any CPU.Build.0 = Debug|Any CPU
		{34889D92-0124-4B04-A411-BEC2C6B9A929}.Debug|ARM.ActiveCfg = Debug|Any CPU
		{34889D92-0124-4B04-A411-BEC2C6B9A929}.Debug|ARM.Build.0 = Debug|Any CPU
		{34889D92-0124-4B04-A411-BEC2C6B9A929}.Debug|ARM64.ActiveCfg = Debug|Any CPU
		{34889D92-0124-4B04-A411-BEC2C6B9A929}.Debug|ARM64.Build.0 = Debug|Any CPU
		{34889D92-0124-4B04-A411-BEC2C6B9A929}.Debug|x64.ActiveCfg = Debug|Any CPU
		{34889D92-0124-4B04-A411-BEC2C6B9A929}.Debug|x64.Build.0 = Debug|Any CPU
		{34889D92-0124-4B04-A411-BEC2C6B9A929}.Debug|x86.ActiveCfg = Debug|Any CPU
		{34889D92-0124-4B04-A411-BEC2C6B9A929}.Debug|x86.Build.0 = Debug|Any CPU
		{34889D92-0124-4B04-A411-BEC2C6B9A929}.Release|Any CPU.ActiveCfg = Release|Any CPU
		{34889D92-0124-4B04-A411-BEC2C6B9A929}.Release|Any CPU.Build.0 = Release|Any CPU
		{34889D92-0124-4B04-A411-BEC2C6B9A929}.Release|ARM.ActiveCfg = Release|Any CPU
		{34889D92-0124-4B04-A411-BEC2C6B9A929}.Release|ARM.Build.0 = Release|Any CPU
		{34889D92-0124-4B04-A411-BEC2C6B9A929}.Release|ARM64.ActiveCfg = Release|Any CPU
		{34889D92-0124-4B04-A411-BEC2C6B9A929}.Release|ARM64.Build.0 = Release|Any CPU
		{34889D92-0124-4B04-A411-BEC2C6B9A929}.Release|x64.ActiveCfg = Release|Any CPU
		{34889D92-0124-4B04-A411-BEC2C6B9A929}.Release|x64.Build.0 = Release|Any CPU
		{34889D92-0124-4B04-A411-BEC2C6B9A929}.Release|x86.ActiveCfg = Release|Any CPU
		{34889D92-0124-4B04-A411-BEC2C6B9A929}.Release|x86.Build.0 = Release|Any CPU
		{CE4818B9-D193-42E7-89FA-6D07593C67DE}.Debug|Any CPU.ActiveCfg = Debug|Any CPU
		{CE4818B9-D193-42E7-89FA-6D07593C67DE}.Debug|Any CPU.Build.0 = Debug|Any CPU
		{CE4818B9-D193-42E7-89FA-6D07593C67DE}.Debug|ARM.ActiveCfg = Debug|Any CPU
		{CE4818B9-D193-42E7-89FA-6D07593C67DE}.Debug|ARM.Build.0 = Debug|Any CPU
		{CE4818B9-D193-42E7-89FA-6D07593C67DE}.Debug|ARM64.ActiveCfg = Debug|Any CPU
		{CE4818B9-D193-42E7-89FA-6D07593C67DE}.Debug|ARM64.Build.0 = Debug|Any CPU
		{CE4818B9-D193-42E7-89FA-6D07593C67DE}.Debug|x64.ActiveCfg = Debug|Any CPU
		{CE4818B9-D193-42E7-89FA-6D07593C67DE}.Debug|x64.Build.0 = Debug|Any CPU
		{CE4818B9-D193-42E7-89FA-6D07593C67DE}.Debug|x86.ActiveCfg = Debug|Any CPU
		{CE4818B9-D193-42E7-89FA-6D07593C67DE}.Debug|x86.Build.0 = Debug|Any CPU
		{CE4818B9-D193-42E7-89FA-6D07593C67DE}.Release|Any CPU.ActiveCfg = Release|Any CPU
		{CE4818B9-D193-42E7-89FA-6D07593C67DE}.Release|Any CPU.Build.0 = Release|Any CPU
		{CE4818B9-D193-42E7-89FA-6D07593C67DE}.Release|ARM.ActiveCfg = Release|Any CPU
		{CE4818B9-D193-42E7-89FA-6D07593C67DE}.Release|ARM.Build.0 = Release|Any CPU
		{CE4818B9-D193-42E7-89FA-6D07593C67DE}.Release|ARM64.ActiveCfg = Release|Any CPU
		{CE4818B9-D193-42E7-89FA-6D07593C67DE}.Release|ARM64.Build.0 = Release|Any CPU
		{CE4818B9-D193-42E7-89FA-6D07593C67DE}.Release|x64.ActiveCfg = Release|Any CPU
		{CE4818B9-D193-42E7-89FA-6D07593C67DE}.Release|x64.Build.0 = Release|Any CPU
		{CE4818B9-D193-42E7-89FA-6D07593C67DE}.Release|x86.ActiveCfg = Release|Any CPU
		{CE4818B9-D193-42E7-89FA-6D07593C67DE}.Release|x86.Build.0 = Release|Any CPU
	EndGlobalSection
	GlobalSection(SolutionProperties) = preSolution
		HideSolutionNode = FALSE
	EndGlobalSection
	GlobalSection(NestedProjects) = preSolution
		{AF3B803A-EF4A-4DFE-AFE4-B18D40698AF7} = {0AB3BF05-4346-4AA6-1389-037BE0695223}
		{34889D92-0124-4B04-A411-BEC2C6B9A929} = {0AB3BF05-4346-4AA6-1389-037BE0695223}
		{CE4818B9-D193-42E7-89FA-6D07593C67DE} = {0AB3BF05-4346-4AA6-1389-037BE0695223}
	EndGlobalSection
	GlobalSection(ExtensibilityGlobals) = postSolution
		SolutionGuid = {02421A82-F1F9-40D9-9A48-23E1F2C8A17E}
	EndGlobalSection
EndGlobal
