
Microsoft Visual Studio Solution File, Format Version 12.00
# Visual Studio Version 17
VisualStudioVersion = 17.1.32407.343
MinimumVisualStudioVersion = 10.0.40219.1
Project("{FAE04EC0-301F-11D3-BF4B-00C04F79EFBC}") = "AspNet_FilRouge", "AspNet_FilRouge\AspNet_FilRouge.csproj", "{703D3597-0412-43D7-BF47-61B32387B3A1}"
EndProject
Project("{FAE04EC0-301F-11D3-BF4B-00C04F79EFBC}") = "Entities", "Entities\Entities.csproj", "{48DFA957-E89F-4077-8B0E-01BCB9C36044}"
EndProject
Project("{FAE04EC0-301F-11D3-BF4B-00C04F79EFBC}") = "AspNet_FilRouge_Vendeur", "AspNet_FilRouge_Vendeur\AspNet_FilRouge_Vendeur.csproj", "{5344A08F-A443-4B54-9946-819FB4C54660}"
EndProject
Project("{2150E333-8FDC-42A3-9474-1A3956D46DE8}") = "AspNet_FilRouge.TestsFolder", "AspNet_FilRouge.TestsFolder", "{70227A7F-B2F4-F972-275E-6166D0A92689}"
EndProject
Project("{2150E333-8FDC-42A3-9474-1A3956D46DE8}") = "Tests", "Tests", "{C1A6CC31-0300-32C7-081B-68313A4DCE0B}"
EndProject
Project("{FAE04EC0-301F-11D3-BF4B-00C04F79EFBC}") = "AspNet_FilRouge.Tests.Integration", "Tests\AspNet_FilRouge.Tests.Integration\AspNet_FilRouge.Tests.Integration.csproj", "{48ADE307-EAC5-46EB-9B0C-7A983BCC12F6}"
EndProject
Project("{FAE04EC0-301F-11D3-BF4B-00C04F79EFBC}") = "AspNet_FilRouge.Tests.Functional", "Tests\AspNet_FilRouge.Tests.Functional\AspNet_FilRouge.Tests.Functional.csproj", "{0C6A66C3-FEF9-4CD8-BC79-0BBD54A9A1A7}"
EndProject
Project("{2150E333-8FDC-42A3-9474-1A3956D46DE8}") = "AspNet_FilRouge_Vendeur.TestsFolder", "AspNet_FilRouge_Vendeur.TestsFolder", "{B0E0565E-7B11-457D-C258-72231F7E5515}"
EndProject
Project("{2150E333-8FDC-42A3-9474-1A3956D46DE8}") = "Tests", "Tests", "{A8F96691-7D08-847F-4F41-EF77A9AF0E80}"
EndProject
Project("{FAE04EC0-301F-11D3-BF4B-00C04F79EFBC}") = "AspNet_FilRouge_Vendeur.Tests.Integration", "Tests\AspNet_FilRouge_Vendeur.Tests.Integration\AspNet_FilRouge_Vendeur.Tests.Integration.csproj", "{50F90DE5-88DB-4445-84CB-8BCA5D92D5B0}"
EndProject
Project("{FAE04EC0-301F-11D3-BF4B-00C04F79EFBC}") = "AspNet_FilRouge_Vendeur.Tests.Functional", "Tests\AspNet_FilRouge_Vendeur.Tests.Functional\AspNet_FilRouge_Vendeur.Tests.Functional.csproj", "{6FD4FC66-6E02-4F23-9AB3-632C9EC63B90}"
EndProject
Project("{2150E333-8FDC-42A3-9474-1A3956D46DE8}") = "Tests", "Tests", "{0AB3BF05-4346-4AA6-1389-037BE0695223}"
EndProject
Project("{FAE04EC0-301F-11D3-BF4B-00C04F79EFBC}") = "Entities.Tests", "Tests\Entities.Tests\Entities.Tests.csproj", "{8D89DA8E-05B0-4800-AE4C-EF09C321D185}"
EndProject
Project("{FAE04EC0-301F-11D3-BF4B-00C04F79EFBC}") = "Shared", "Shared\Shared.csproj", "{5178E4D3-1E1A-4AD0-9AD3-5BF7C31D7D89}"
EndProject
Global
	GlobalSection(SolutionConfigurationPlatforms) = preSolution
		Debug|Any CPU = Debug|Any CPU
		Debug|ARM = Debug|ARM
		Debug|ARM64 = Debug|ARM64
		Debug|x64 = Debug|x64
		Debug|x86 = Debug|x86
		Release|Any CPU = Release|Any CPU
		Release|ARM = Release|ARM
		Release|ARM64 = Release|ARM64
		Release|x64 = Release|x64
		Release|x86 = Release|x86
	EndGlobalSection
	GlobalSection(ProjectConfigurationPlatforms) = postSolution
		{703D3597-0412-43D7-BF47-61B32387B3A1}.Debug|Any CPU.ActiveCfg = Debug|Any CPU
		{703D3597-0412-43D7-BF47-61B32387B3A1}.Debug|Any CPU.Build.0 = Debug|Any CPU
		{703D3597-0412-43D7-BF47-61B32387B3A1}.Debug|ARM.ActiveCfg = Debug|Any CPU
		{703D3597-0412-43D7-BF47-61B32387B3A1}.Debug|ARM.Build.0 = Debug|Any CPU
		{703D3597-0412-43D7-BF47-61B32387B3A1}.Debug|ARM64.ActiveCfg = Debug|Any CPU
		{703D3597-0412-43D7-BF47-61B32387B3A1}.Debug|ARM64.Build.0 = Debug|Any CPU
		{703D3597-0412-43D7-BF47-61B32387B3A1}.Debug|x64.ActiveCfg = Debug|Any CPU
		{703D3597-0412-43D7-BF47-61B32387B3A1}.Debug|x64.Build.0 = Debug|Any CPU
		{703D3597-0412-43D7-BF47-61B32387B3A1}.Debug|x86.ActiveCfg = Debug|Any CPU
		{703D3597-0412-43D7-BF47-61B32387B3A1}.Debug|x86.Build.0 = Debug|Any CPU
		{703D3597-0412-43D7-BF47-61B32387B3A1}.Release|Any CPU.ActiveCfg = Release|Any CPU
		{703D3597-0412-43D7-BF47-61B32387B3A1}.Release|Any CPU.Build.0 = Release|Any CPU
		{703D3597-0412-43D7-BF47-61B32387B3A1}.Release|ARM.ActiveCfg = Release|Any CPU
		{703D3597-0412-43D7-BF47-61B32387B3A1}.Release|ARM.Build.0 = Release|Any CPU
		{703D3597-0412-43D7-BF47-61B32387B3A1}.Release|ARM64.ActiveCfg = Release|Any CPU
		{703D3597-0412-43D7-BF47-61B32387B3A1}.Release|ARM64.Build.0 = Release|Any CPU
		{703D3597-0412-43D7-BF47-61B32387B3A1}.Release|x64.ActiveCfg = Release|Any CPU
		{703D3597-0412-43D7-BF47-61B32387B3A1}.Release|x64.Build.0 = Release|Any CPU
		{703D3597-0412-43D7-BF47-61B32387B3A1}.Release|x86.ActiveCfg = Release|Any CPU
		{703D3597-0412-43D7-BF47-61B32387B3A1}.Release|x86.Build.0 = Release|Any CPU
		{48DFA957-E89F-4077-8B0E-01BCB9C36044}.Debug|Any CPU.ActiveCfg = Debug|Any CPU
		{48DFA957-E89F-4077-8B0E-01BCB9C36044}.Debug|Any CPU.Build.0 = Debug|Any CPU
		{48DFA957-E89F-4077-8B0E-01BCB9C36044}.Debug|ARM.ActiveCfg = Debug|Any CPU
		{48DFA957-E89F-4077-8B0E-01BCB9C36044}.Debug|ARM.Build.0 = Debug|Any CPU
		{48DFA957-E89F-4077-8B0E-01BCB9C36044}.Debug|ARM64.ActiveCfg = Debug|Any CPU
		{48DFA957-E89F-4077-8B0E-01BCB9C36044}.Debug|ARM64.Build.0 = Debug|Any CPU
		{48DFA957-E89F-4077-8B0E-01BCB9C36044}.Debug|x64.ActiveCfg = Debug|Any CPU
		{48DFA957-E89F-4077-8B0E-01BCB9C36044}.Debug|x64.Build.0 = Debug|Any CPU
		{48DFA957-E89F-4077-8B0E-01BCB9C36044}.Debug|x86.ActiveCfg = Debug|Any CPU
		{48DFA957-E89F-4077-8B0E-01BCB9C36044}.Debug|x86.Build.0 = Debug|Any CPU
		{48DFA957-E89F-4077-8B0E-01BCB9C36044}.Release|Any CPU.ActiveCfg = Release|Any CPU
		{48DFA957-E89F-4077-8B0E-01BCB9C36044}.Release|Any CPU.Build.0 = Release|Any CPU
		{48DFA957-E89F-4077-8B0E-01BCB9C36044}.Release|ARM.ActiveCfg = Release|Any CPU
		{48DFA957-E89F-4077-8B0E-01BCB9C36044}.Release|ARM.Build.0 = Release|Any CPU
		{48DFA957-E89F-4077-8B0E-01BCB9C36044}.Release|ARM64.ActiveCfg = Release|Any CPU
		{48DFA957-E89F-4077-8B0E-01BCB9C36044}.Release|ARM64.Build.0 = Release|Any CPU
		{48DFA957-E89F-4077-8B0E-01BCB9C36044}.Release|x64.ActiveCfg = Release|Any CPU
		{48DFA957-E89F-4077-8B0E-01BCB9C36044}.Release|x64.Build.0 = Release|Any CPU
		{48DFA957-E89F-4077-8B0E-01BCB9C36044}.Release|x86.ActiveCfg = Release|Any CPU
		{48DFA957-E89F-4077-8B0E-01BCB9C36044}.Release|x86.Build.0 = Release|Any CPU
		{5344A08F-A443-4B54-9946-819FB4C54660}.Debug|Any CPU.ActiveCfg = Debug|Any CPU
		{5344A08F-A443-4B54-9946-819FB4C54660}.Debug|Any CPU.Build.0 = Debug|Any CPU
		{5344A08F-A443-4B54-9946-819FB4C54660}.Debug|ARM.ActiveCfg = Debug|Any CPU
		{5344A08F-A443-4B54-9946-819FB4C54660}.Debug|ARM.Build.0 = Debug|Any CPU
		{5344A08F-A443-4B54-9946-819FB4C54660}.Debug|ARM64.ActiveCfg = Debug|Any CPU
		{5344A08F-A443-4B54-9946-819FB4C54660}.Debug|ARM64.Build.0 = Debug|Any CPU
		{5344A08F-A443-4B54-9946-819FB4C54660}.Debug|x64.ActiveCfg = Debug|Any CPU
		{5344A08F-A443-4B54-9946-819FB4C54660}.Debug|x64.Build.0 = Debug|Any CPU
		{5344A08F-A443-4B54-9946-819FB4C54660}.Debug|x86.ActiveCfg = Debug|Any CPU
		{5344A08F-A443-4B54-9946-819FB4C54660}.Debug|x86.Build.0 = Debug|Any CPU
		{5344A08F-A443-4B54-9946-819FB4C54660}.Release|Any CPU.ActiveCfg = Release|Any CPU
		{5344A08F-A443-4B54-9946-819FB4C54660}.Release|Any CPU.Build.0 = Release|Any CPU
		{5344A08F-A443-4B54-9946-819FB4C54660}.Release|ARM.ActiveCfg = Release|Any CPU
		{5344A08F-A443-4B54-9946-819FB4C54660}.Release|ARM.Build.0 = Release|Any CPU
		{5344A08F-A443-4B54-9946-819FB4C54660}.Release|ARM64.ActiveCfg = Release|Any CPU
		{5344A08F-A443-4B54-9946-819FB4C54660}.Release|ARM64.Build.0 = Release|Any CPU
		{5344A08F-A443-4B54-9946-819FB4C54660}.Release|x64.ActiveCfg = Release|Any CPU
		{5344A08F-A443-4B54-9946-819FB4C54660}.Release|x64.Build.0 = Release|Any CPU
		{5344A08F-A443-4B54-9946-819FB4C54660}.Release|x86.ActiveCfg = Release|Any CPU
		{5344A08F-A443-4B54-9946-819FB4C54660}.Release|x86.Build.0 = Release|Any CPU
		{48ADE307-EAC5-46EB-9B0C-7A983BCC12F6}.Debug|Any CPU.ActiveCfg = Debug|Any CPU
		{48ADE307-EAC5-46EB-9B0C-7A983BCC12F6}.Debug|Any CPU.Build.0 = Debug|Any CPU
		{48ADE307-EAC5-46EB-9B0C-7A983BCC12F6}.Debug|ARM.ActiveCfg = Debug|Any CPU
		{48ADE307-EAC5-46EB-9B0C-7A983BCC12F6}.Debug|ARM.Build.0 = Debug|Any CPU
		{48ADE307-EAC5-46EB-9B0C-7A983BCC12F6}.Debug|ARM64.ActiveCfg = Debug|Any CPU
		{48ADE307-EAC5-46EB-9B0C-7A983BCC12F6}.Debug|ARM64.Build.0 = Debug|Any CPU
		{48ADE307-EAC5-46EB-9B0C-7A983BCC12F6}.Debug|x64.ActiveCfg = Debug|Any CPU
		{48ADE307-EAC5-46EB-9B0C-7A983BCC12F6}.Debug|x64.Build.0 = Debug|Any CPU
		{48ADE307-EAC5-46EB-9B0C-7A983BCC12F6}.Debug|x86.ActiveCfg = Debug|Any CPU
		{48ADE307-EAC5-46EB-9B0C-7A983BCC12F6}.Debug|x86.Build.0 = Debug|Any CPU
		{48ADE307-EAC5-46EB-9B0C-7A983BCC12F6}.Release|Any CPU.ActiveCfg = Release|Any CPU
		{48ADE307-EAC5-46EB-9B0C-7A983BCC12F6}.Release|Any CPU.Build.0 = Release|Any CPU
		{48ADE307-EAC5-46EB-9B0C-7A983BCC12F6}.Release|ARM.ActiveCfg = Release|Any CPU
		{48ADE307-EAC5-46EB-9B0C-7A983BCC12F6}.Release|ARM.Build.0 = Release|Any CPU
		{48ADE307-EAC5-46EB-9B0C-7A983BCC12F6}.Release|ARM64.ActiveCfg = Release|Any CPU
		{48ADE307-EAC5-46EB-9B0C-7A983BCC12F6}.Release|ARM64.Build.0 = Release|Any CPU
		{48ADE307-EAC5-46EB-9B0C-7A983BCC12F6}.Release|x64.ActiveCfg = Release|Any CPU
		{48ADE307-EAC5-46EB-9B0C-7A983BCC12F6}.Release|x64.Build.0 = Release|Any CPU
		{48ADE307-EAC5-46EB-9B0C-7A983BCC12F6}.Release|x86.ActiveCfg = Release|Any CPU
		{48ADE307-EAC5-46EB-9B0C-7A983BCC12F6}.Release|x86.Build.0 = Release|Any CPU
		{0C6A66C3-FEF9-4CD8-BC79-0BBD54A9A1A7}.Debug|Any CPU.ActiveCfg = Debug|Any CPU
		{0C6A66C3-FEF9-4CD8-BC79-0BBD54A9A1A7}.Debug|Any CPU.Build.0 = Debug|Any CPU
		{0C6A66C3-FEF9-4CD8-BC79-0BBD54A9A1A7}.Debug|ARM.ActiveCfg = Debug|Any CPU
		{0C6A66C3-FEF9-4CD8-BC79-0BBD54A9A1A7}.Debug|ARM.Build.0 = Debug|Any CPU
		{0C6A66C3-FEF9-4CD8-BC79-0BBD54A9A1A7}.Debug|ARM64.ActiveCfg = Debug|Any CPU
		{0C6A66C3-FEF9-4CD8-BC79-0BBD54A9A1A7}.Debug|ARM64.Build.0 = Debug|Any CPU
		{0C6A66C3-FEF9-4CD8-BC79-0BBD54A9A1A7}.Debug|x64.ActiveCfg = Debug|Any CPU
		{0C6A66C3-FEF9-4CD8-BC79-0BBD54A9A1A7}.Debug|x64.Build.0 = Debug|Any CPU
		{0C6A66C3-FEF9-4CD8-BC79-0BBD54A9A1A7}.Debug|x86.ActiveCfg = Debug|Any CPU
		{0C6A66C3-FEF9-4CD8-BC79-0BBD54A9A1A7}.Debug|x86.Build.0 = Debug|Any CPU
		{0C6A66C3-FEF9-4CD8-BC79-0BBD54A9A1A7}.Release|Any CPU.ActiveCfg = Release|Any CPU
		{0C6A66C3-FEF9-4CD8-BC79-0BBD54A9A1A7}.Release|Any CPU.Build.0 = Release|Any CPU
		{0C6A66C3-FEF9-4CD8-BC79-0BBD54A9A1A7}.Release|ARM.ActiveCfg = Release|Any CPU
		{0C6A66C3-FEF9-4CD8-BC79-0BBD54A9A1A7}.Release|ARM.Build.0 = Release|Any CPU
		{0C6A66C3-FEF9-4CD8-BC79-0BBD54A9A1A7}.Release|ARM64.ActiveCfg = Release|Any CPU
		{0C6A66C3-FEF9-4CD8-BC79-0BBD54A9A1A7}.Release|ARM64.Build.0 = Release|Any CPU
		{0C6A66C3-FEF9-4CD8-BC79-0BBD54A9A1A7}.Release|x64.ActiveCfg = Release|Any CPU
		{0C6A66C3-FEF9-4CD8-BC79-0BBD54A9A1A7}.Release|x64.Build.0 = Release|Any CPU
		{0C6A66C3-FEF9-4CD8-BC79-0BBD54A9A1A7}.Release|x86.ActiveCfg = Release|Any CPU
		{0C6A66C3-FEF9-4CD8-BC79-0BBD54A9A1A7}.Release|x86.Build.0 = Release|Any CPU
		{50F90DE5-88DB-4445-84CB-8BCA5D92D5B0}.Debug|Any CPU.ActiveCfg = Debug|Any CPU
		{50F90DE5-88DB-4445-84CB-8BCA5D92D5B0}.Debug|Any CPU.Build.0 = Debug|Any CPU
		{50F90DE5-88DB-4445-84CB-8BCA5D92D5B0}.Debug|ARM.ActiveCfg = Debug|Any CPU
		{50F90DE5-88DB-4445-84CB-8BCA5D92D5B0}.Debug|ARM.Build.0 = Debug|Any CPU
		{50F90DE5-88DB-4445-84CB-8BCA5D92D5B0}.Debug|ARM64.ActiveCfg = Debug|Any CPU
		{50F90DE5-88DB-4445-84CB-8BCA5D92D5B0}.Debug|ARM64.Build.0 = Debug|Any CPU
		{50F90DE5-88DB-4445-84CB-8BCA5D92D5B0}.Debug|x64.ActiveCfg = Debug|Any CPU
		{50F90DE5-88DB-4445-84CB-8BCA5D92D5B0}.Debug|x64.Build.0 = Debug|Any CPU
		{50F90DE5-88DB-4445-84CB-8BCA5D92D5B0}.Debug|x86.ActiveCfg = Debug|Any CPU
		{50F90DE5-88DB-4445-84CB-8BCA5D92D5B0}.Debug|x86.Build.0 = Debug|Any CPU
		{50F90DE5-88DB-4445-84CB-8BCA5D92D5B0}.Release|Any CPU.ActiveCfg = Release|Any CPU
		{50F90DE5-88DB-4445-84CB-8BCA5D92D5B0}.Release|Any CPU.Build.0 = Release|Any CPU
		{50F90DE5-88DB-4445-84CB-8BCA5D92D5B0}.Release|ARM.ActiveCfg = Release|Any CPU
		{50F90DE5-88DB-4445-84CB-8BCA5D92D5B0}.Release|ARM.Build.0 = Release|Any CPU
		{50F90DE5-88DB-4445-84CB-8BCA5D92D5B0}.Release|ARM64.ActiveCfg = Release|Any CPU
		{50F90DE5-88DB-4445-84CB-8BCA5D92D5B0}.Release|ARM64.Build.0 = Release|Any CPU
		{50F90DE5-88DB-4445-84CB-8BCA5D92D5B0}.Release|x64.ActiveCfg = Release|Any CPU
		{50F90DE5-88DB-4445-84CB-8BCA5D92D5B0}.Release|x64.Build.0 = Release|Any CPU
		{50F90DE5-88DB-4445-84CB-8BCA5D92D5B0}.Release|x86.ActiveCfg = Release|Any CPU
		{50F90DE5-88DB-4445-84CB-8BCA5D92D5B0}.Release|x86.Build.0 = Release|Any CPU
		{6FD4FC66-6E02-4F23-9AB3-632C9EC63B90}.Debug|Any CPU.ActiveCfg = Debug|Any CPU
		{6FD4FC66-6E02-4F23-9AB3-632C9EC63B90}.Debug|Any CPU.Build.0 = Debug|Any CPU
		{6FD4FC66-6E02-4F23-9AB3-632C9EC63B90}.Debug|ARM.ActiveCfg = Debug|Any CPU
		{6FD4FC66-6E02-4F23-9AB3-632C9EC63B90}.Debug|ARM.Build.0 = Debug|Any CPU
		{6FD4FC66-6E02-4F23-9AB3-632C9EC63B90}.Debug|ARM64.ActiveCfg = Debug|Any CPU
		{6FD4FC66-6E02-4F23-9AB3-632C9EC63B90}.Debug|ARM64.Build.0 = Debug|Any CPU
		{6FD4FC66-6E02-4F23-9AB3-632C9EC63B90}.Debug|x64.ActiveCfg = Debug|Any CPU
		{6FD4FC66-6E02-4F23-9AB3-632C9EC63B90}.Debug|x64.Build.0 = Debug|Any CPU
		{6FD4FC66-6E02-4F23-9AB3-632C9EC63B90}.Debug|x86.ActiveCfg = Debug|Any CPU
		{6FD4FC66-6E02-4F23-9AB3-632C9EC63B90}.Debug|x86.Build.0 = Debug|Any CPU
		{6FD4FC66-6E02-4F23-9AB3-632C9EC63B90}.Release|Any CPU.ActiveCfg = Release|Any CPU
		{6FD4FC66-6E02-4F23-9AB3-632C9EC63B90}.Release|Any CPU.Build.0 = Release|Any CPU
		{6FD4FC66-6E02-4F23-9AB3-632C9EC63B90}.Release|ARM.ActiveCfg = Release|Any CPU
		{6FD4FC66-6E02-4F23-9AB3-632C9EC63B90}.Release|ARM.Build.0 = Release|Any CPU
		{6FD4FC66-6E02-4F23-9AB3-632C9EC63B90}.Release|ARM64.ActiveCfg = Release|Any CPU
		{6FD4FC66-6E02-4F23-9AB3-632C9EC63B90}.Release|ARM64.Build.0 = Release|Any CPU
		{6FD4FC66-6E02-4F23-9AB3-632C9EC63B90}.Release|x64.ActiveCfg = Release|Any CPU
		{6FD4FC66-6E02-4F23-9AB3-632C9EC63B90}.Release|x64.Build.0 = Release|Any CPU
		{6FD4FC66-6E02-4F23-9AB3-632C9EC63B90}.Release|x86.ActiveCfg = Release|Any CPU
		{6FD4FC66-6E02-4F23-9AB3-632C9EC63B90}.Release|x86.Build.0 = Release|Any CPU
		{8D89DA8E-05B0-4800-AE4C-EF09C321D185}.Debug|Any CPU.ActiveCfg = Debug|Any CPU
		{8D89DA8E-05B0-4800-AE4C-EF09C321D185}.Debug|Any CPU.Build.0 = Debug|Any CPU
		{8D89DA8E-05B0-4800-AE4C-EF09C321D185}.Debug|ARM.ActiveCfg = Debug|Any CPU
		{8D89DA8E-05B0-4800-AE4C-EF09C321D185}.Debug|ARM.Build.0 = Debug|Any CPU
		{8D89DA8E-05B0-4800-AE4C-EF09C321D185}.Debug|ARM64.ActiveCfg = Debug|Any CPU
		{8D89DA8E-05B0-4800-AE4C-EF09C321D185}.Debug|ARM64.Build.0 = Debug|Any CPU
		{8D89DA8E-05B0-4800-AE4C-EF09C321D185}.Debug|x64.ActiveCfg = Debug|Any CPU
		{8D89DA8E-05B0-4800-AE4C-EF09C321D185}.Debug|x64.Build.0 = Debug|Any CPU
		{8D89DA8E-05B0-4800-AE4C-EF09C321D185}.Debug|x86.ActiveCfg = Debug|Any CPU
		{8D89DA8E-05B0-4800-AE4C-EF09C321D185}.Debug|x86.Build.0 = Debug|Any CPU
		{8D89DA8E-05B0-4800-AE4C-EF09C321D185}.Release|Any CPU.ActiveCfg = Release|Any CPU
		{8D89DA8E-05B0-4800-AE4C-EF09C321D185}.Release|Any CPU.Build.0 = Release|Any CPU
		{8D89DA8E-05B0-4800-AE4C-EF09C321D185}.Release|ARM.ActiveCfg = Release|Any CPU
		{8D89DA8E-05B0-4800-AE4C-EF09C321D185}.Release|ARM.Build.0 = Release|Any CPU
		{8D89DA8E-05B0-4800-AE4C-EF09C321D185}.Release|ARM64.ActiveCfg = Release|Any CPU
		{8D89DA8E-05B0-4800-AE4C-EF09C321D185}.Release|ARM64.Build.0 = Release|Any CPU
		{8D89DA8E-05B0-4800-AE4C-EF09C321D185}.Release|x64.ActiveCfg = Release|Any CPU
		{8D89DA8E-05B0-4800-AE4C-EF09C321D185}.Release|x64.Build.0 = Release|Any CPU
		{8D89DA8E-05B0-4800-AE4C-EF09C321D185}.Release|x86.ActiveCfg = Release|Any CPU
		{8D89DA8E-05B0-4800-AE4C-EF09C321D185}.Release|x86.Build.0 = Release|Any CPU
		{5178E4D3-1E1A-4AD0-9AD3-5BF7C31D7D89}.Debug|Any CPU.ActiveCfg = Debug|Any CPU
		{5178E4D3-1E1A-4AD0-9AD3-5BF7C31D7D89}.Debug|Any CPU.Build.0 = Debug|Any CPU
		{5178E4D3-1E1A-4AD0-9AD3-5BF7C31D7D89}.Debug|ARM.ActiveCfg = Debug|Any CPU
		{5178E4D3-1E1A-4AD0-9AD3-5BF7C31D7D89}.Debug|ARM.Build.0 = Debug|Any CPU
		{5178E4D3-1E1A-4AD0-9AD3-5BF7C31D7D89}.Debug|ARM64.ActiveCfg = Debug|Any CPU
		{5178E4D3-1E1A-4AD0-9AD3-5BF7C31D7D89}.Debug|ARM64.Build.0 = Debug|Any CPU
		{5178E4D3-1E1A-4AD0-9AD3-5BF7C31D7D89}.Debug|x64.ActiveCfg = Debug|Any CPU
		{5178E4D3-1E1A-4AD0-9AD3-5BF7C31D7D89}.Debug|x64.Build.0 = Debug|Any CPU
		{5178E4D3-1E1A-4AD0-9AD3-5BF7C31D7D89}.Debug|x86.ActiveCfg = Debug|Any CPU
		{5178E4D3-1E1A-4AD0-9AD3-5BF7C31D7D89}.Debug|x86.Build.0 = Debug|Any CPU
		{5178E4D3-1E1A-4AD0-9AD3-5BF7C31D7D89}.Release|Any CPU.ActiveCfg = Release|Any CPU
		{5178E4D3-1E1A-4AD0-9AD3-5BF7C31D7D89}.Release|Any CPU.Build.0 = Release|Any CPU
		{5178E4D3-1E1A-4AD0-9AD3-5BF7C31D7D89}.Release|ARM.ActiveCfg = Release|Any CPU
		{5178E4D3-1E1A-4AD0-9AD3-5BF7C31D7D89}.Release|ARM.Build.0 = Release|Any CPU
		{5178E4D3-1E1A-4AD0-9AD3-5BF7C31D7D89}.Release|ARM64.ActiveCfg = Release|Any CPU
		{5178E4D3-1E1A-4AD0-9AD3-5BF7C31D7D89}.Release|ARM64.Build.0 = Release|Any CPU
		{5178E4D3-1E1A-4AD0-9AD3-5BF7C31D7D89}.Release|x64.ActiveCfg = Release|Any CPU
		{5178E4D3-1E1A-4AD0-9AD3-5BF7C31D7D89}.Release|x64.Build.0 = Release|Any CPU
		{5178E4D3-1E1A-4AD0-9AD3-5BF7C31D7D89}.Release|x86.ActiveCfg = Release|Any CPU
		{5178E4D3-1E1A-4AD0-9AD3-5BF7C31D7D89}.Release|x86.Build.0 = Release|Any CPU
	EndGlobalSection
	GlobalSection(SolutionProperties) = preSolution
		HideSolutionNode = FALSE
	EndGlobalSection
	GlobalSection(NestedProjects) = preSolution
		{C1A6CC31-0300-32C7-081B-68313A4DCE0B} = {70227A7F-B2F4-F972-275E-6166D0A92689}
		{48ADE307-EAC5-46EB-9B0C-7A983BCC12F6} = {C1A6CC31-0300-32C7-081B-68313A4DCE0B}
		{0C6A66C3-FEF9-4CD8-BC79-0BBD54A9A1A7} = {C1A6CC31-0300-32C7-081B-68313A4DCE0B}
		{A8F96691-7D08-847F-4F41-EF77A9AF0E80} = {B0E0565E-7B11-457D-C258-72231F7E5515}
		{50F90DE5-88DB-4445-84CB-8BCA5D92D5B0} = {A8F96691-7D08-847F-4F41-EF77A9AF0E80}
		{6FD4FC66-6E02-4F23-9AB3-632C9EC63B90} = {A8F96691-7D08-847F-4F41-EF77A9AF0E80}
		{8D89DA8E-05B0-4800-AE4C-EF09C321D185} = {0AB3BF05-4346-4AA6-1389-037BE0695223}
	EndGlobalSection
	GlobalSection(ExtensibilityGlobals) = postSolution
		SolutionGuid = {02421A82-F1F9-40D9-9A48-23E1F2C8A17E}
	EndGlobalSection
EndGlobal
